
Microsoft Visual Studio Solution File, Format Version 12.00
Project("{FAE04EC0-301F-11D3-BF4B-00C04F79EFBC}") = "执行ViDi模板", "执行ViDi模板\执行ViDi模板.csproj", "{C187DEC8-B594-4C88-82CC-3CAF0CBA68D3}"
EndProject
Project("{FAE04EC0-301F-11D3-BF4B-00C04F79EFBC}") = "使用代码创建ViDi模板", "使用代码创建ViDi模板\使用代码创建ViDi模板.csproj", "{118F6FC9-971E-49CD-9343-2BB154859C40}"
EndProject
Global
	GlobalSection(SolutionConfigurationPlatforms) = preSolution
		Debug|Any CPU = Debug|Any CPU
		Release|Any CPU = Release|Any CPU
	EndGlobalSection
	GlobalSection(ProjectConfigurationPlatforms) = postSolution
		{C187DEC8-B594-4C88-82CC-3CAF0CBA68D3}.Debug|Any CPU.ActiveCfg = Debug|Any CPU
		{C187DEC8-B594-4C88-82CC-3CAF0CBA68D3}.Debug|Any CPU.Build.0 = Debug|Any CPU
		{C187DEC8-B594-4C88-82CC-3CAF0CBA68D3}.Release|Any CPU.ActiveCfg = Release|Any CPU
		{C187DEC8-B594-4C88-82CC-3CAF0CBA68D3}.Release|Any CPU.Build.0 = Release|Any CPU
		{118F6FC9-971E-49CD-9343-2BB154859C40}.Debug|Any CPU.ActiveCfg = Debug|Any CPU
		{118F6FC9-971E-49CD-9343-2BB154859C40}.Debug|Any CPU.Build.0 = Debug|Any CPU
		{118F6FC9-971E-49CD-9343-2BB154859C40}.Release|Any CPU.ActiveCfg = Release|Any CPU
		{118F6FC9-971E-49CD-9343-2BB154859C40}.Release|Any CPU.Build.0 = Release|Any CPU
	EndGlobalSection
EndGlobal
